
Microsoft Visual Studio Solution File, Format Version 12.00
# Visual Studio Version 17
VisualStudioVersion = 17.9.34728.123
MinimumVisualStudioVersion = 10.0.40219.1
Project("{2150E333-8FDC-42A3-9474-1A3956D46DE8}") = "src", "src", "{5EE7133E-BBA3-4B6B-A6E0-D03EB1C0FF27}"
EndProject
Project("{2150E333-8FDC-42A3-9474-1A3956D46DE8}") = "Services", "Services", "{92E58310-37BF-4FBE-8CF1-037AD1D7B867}"
EndProject
Project("{2150E333-8FDC-42A3-9474-1A3956D46DE8}") = "IDPService", "IDPService", "{052BD605-1E39-4CD8-9F5E-FB9FE618DBE0}"
EndProject
Project("{FAE04EC0-301F-11D3-BF4B-00C04F79EFBC}") = "IDP.Domain", "IDP.Domain\IDP.Domain.csproj", "{2E8F246E-64BE-47F1-ADA4-3E8A4322C623}"
EndProject
Project("{FAE04EC0-301F-11D3-BF4B-00C04F79EFBC}") = "IDP.Api", "IDP.Api\IDP.Api.csproj", "{4ED3C343-9E26-4A88-8675-0CC7BB058501}"
EndProject
Project("{FAE04EC0-301F-11D3-BF4B-00C04F79EFBC}") = "IDP.application", "IDP.application\IDP.application.csproj", "{BB5B3102-D2D7-4BFD-999E-4BD4C974C776}"
EndProject
Project("{FAE04EC0-301F-11D3-BF4B-00C04F79EFBC}") = "IDP.Infra", "IDP.Infra\IDP.Infra.csproj", "{6C3A1A5A-4DB3-40E5-B344-A4CFDBC2CFAD}"
EndProject
Project("{FAE04EC0-301F-11D3-BF4B-00C04F79EFBC}") = "IDP.Ioc", "IDP.Ioc\IDP.Ioc.csproj", "{4DB98A38-8EBC-4BAD-90E1-7E6ABDFFC435}"
EndProject
Project("{FAE04EC0-301F-11D3-BF4B-00C04F79EFBC}") = "IDP.UnitTest", "IDP.UnitTest\IDP.UnitTest.csproj", "{D30BF6FC-0900-4EDB-BD06-6387BE73FC2A}"
EndProject
Project("{2150E333-8FDC-42A3-9474-1A3956D46DE8}") = "Common", "Common", "{26300A50-67A7-4D42-85D8-D82A7D5DAA28}"
EndProject
Project("{2150E333-8FDC-42A3-9474-1A3956D46DE8}") = "BascetService", "BascetService", "{6826AC7F-DB51-4D86-A0C8-35DE16CBFDBB}"
EndProject
Project("{2150E333-8FDC-42A3-9474-1A3956D46DE8}") = "SearchService", "SearchService", "{2E6CA84C-37A4-48BC-8CAB-3942384A8910}"
EndProject
Project("{2150E333-8FDC-42A3-9474-1A3956D46DE8}") = "CatalogService", "CatalogService", "{0B2AEE4D-8BDF-4EB5-A3F1-DA8911F143F1}"
EndProject
Project("{2150E333-8FDC-42A3-9474-1A3956D46DE8}") = "OrderService", "OrderService", "{9E9CBDE1-4945-4949-AF53-F5921544F611}"
EndProject
Project("{2150E333-8FDC-42A3-9474-1A3956D46DE8}") = "ReportService", "ReportService", "{6FB2CDA9-E99A-4C29-A534-1BAE68309D5C}"
EndProject
Global
	GlobalSection(SolutionConfigurationPlatforms) = preSolution
		Debug|Any CPU = Debug|Any CPU
		Release|Any CPU = Release|Any CPU
	EndGlobalSection
	GlobalSection(ProjectConfigurationPlatforms) = postSolution
		{2E8F246E-64BE-47F1-ADA4-3E8A4322C623}.Debug|Any CPU.ActiveCfg = Debug|Any CPU
		{2E8F246E-64BE-47F1-ADA4-3E8A4322C623}.Debug|Any CPU.Build.0 = Debug|Any CPU
		{2E8F246E-64BE-47F1-ADA4-3E8A4322C623}.Release|Any CPU.ActiveCfg = Release|Any CPU
		{2E8F246E-64BE-47F1-ADA4-3E8A4322C623}.Release|Any CPU.Build.0 = Release|Any CPU
		{4ED3C343-9E26-4A88-8675-0CC7BB058501}.Debug|Any CPU.ActiveCfg = Debug|Any CPU
		{4ED3C343-9E26-4A88-8675-0CC7BB058501}.Debug|Any CPU.Build.0 = Debug|Any CPU
		{4ED3C343-9E26-4A88-8675-0CC7BB058501}.Release|Any CPU.ActiveCfg = Release|Any CPU
		{4ED3C343-9E26-4A88-8675-0CC7BB058501}.Release|Any CPU.Build.0 = Release|Any CPU
		{BB5B3102-D2D7-4BFD-999E-4BD4C974C776}.Debug|Any CPU.ActiveCfg = Debug|Any CPU
		{BB5B3102-D2D7-4BFD-999E-4BD4C974C776}.Debug|Any CPU.Build.0 = Debug|Any CPU
		{BB5B3102-D2D7-4BFD-999E-4BD4C974C776}.Release|Any CPU.ActiveCfg = Release|Any CPU
		{BB5B3102-D2D7-4BFD-999E-4BD4C974C776}.Release|Any CPU.Build.0 = Release|Any CPU
		{6C3A1A5A-4DB3-40E5-B344-A4CFDBC2CFAD}.Debug|Any CPU.ActiveCfg = Debug|Any CPU
		{6C3A1A5A-4DB3-40E5-B344-A4CFDBC2CFAD}.Debug|Any CPU.Build.0 = Debug|Any CPU
		{6C3A1A5A-4DB3-40E5-B344-A4CFDBC2CFAD}.Release|Any CPU.ActiveCfg = Release|Any CPU
		{6C3A1A5A-4DB3-40E5-B344-A4CFDBC2CFAD}.Release|Any CPU.Build.0 = Release|Any CPU
		{4DB98A38-8EBC-4BAD-90E1-7E6ABDFFC435}.Debug|Any CPU.ActiveCfg = Debug|Any CPU
		{4DB98A38-8EBC-4BAD-90E1-7E6ABDFFC435}.Debug|Any CPU.Build.0 = Debug|Any CPU
		{4DB98A38-8EBC-4BAD-90E1-7E6ABDFFC435}.Release|Any CPU.ActiveCfg = Release|Any CPU
		{4DB98A38-8EBC-4BAD-90E1-7E6ABDFFC435}.Release|Any CPU.Build.0 = Release|Any CPU
		{D30BF6FC-0900-4EDB-BD06-6387BE73FC2A}.Debug|Any CPU.ActiveCfg = Debug|Any CPU
		{D30BF6FC-0900-4EDB-BD06-6387BE73FC2A}.Debug|Any CPU.Build.0 = Debug|Any CPU
		{D30BF6FC-0900-4EDB-BD06-6387BE73FC2A}.Release|Any CPU.ActiveCfg = Release|Any CPU
		{D30BF6FC-0900-4EDB-BD06-6387BE73FC2A}.Release|Any CPU.Build.0 = Release|Any CPU
	EndGlobalSection
	GlobalSection(SolutionProperties) = preSolution
		HideSolutionNode = FALSE
	EndGlobalSection
	GlobalSection(NestedProjects) = preSolution
		{92E58310-37BF-4FBE-8CF1-037AD1D7B867} = {5EE7133E-BBA3-4B6B-A6E0-D03EB1C0FF27}
		{052BD605-1E39-4CD8-9F5E-FB9FE618DBE0} = {92E58310-37BF-4FBE-8CF1-037AD1D7B867}
		{2E8F246E-64BE-47F1-ADA4-3E8A4322C623} = {052BD605-1E39-4CD8-9F5E-FB9FE618DBE0}
		{4ED3C343-9E26-4A88-8675-0CC7BB058501} = {052BD605-1E39-4CD8-9F5E-FB9FE618DBE0}
		{BB5B3102-D2D7-4BFD-999E-4BD4C974C776} = {052BD605-1E39-4CD8-9F5E-FB9FE618DBE0}
		{6C3A1A5A-4DB3-40E5-B344-A4CFDBC2CFAD} = {052BD605-1E39-4CD8-9F5E-FB9FE618DBE0}
		{4DB98A38-8EBC-4BAD-90E1-7E6ABDFFC435} = {052BD605-1E39-4CD8-9F5E-FB9FE618DBE0}
		{D30BF6FC-0900-4EDB-BD06-6387BE73FC2A} = {052BD605-1E39-4CD8-9F5E-FB9FE618DBE0}
		{26300A50-67A7-4D42-85D8-D82A7D5DAA28} = {5EE7133E-BBA3-4B6B-A6E0-D03EB1C0FF27}
		{6826AC7F-DB51-4D86-A0C8-35DE16CBFDBB} = {92E58310-37BF-4FBE-8CF1-037AD1D7B867}
		{2E6CA84C-37A4-48BC-8CAB-3942384A8910} = {92E58310-37BF-4FBE-8CF1-037AD1D7B867}
		{0B2AEE4D-8BDF-4EB5-A3F1-DA8911F143F1} = {92E58310-37BF-4FBE-8CF1-037AD1D7B867}
		{9E9CBDE1-4945-4949-AF53-F5921544F611} = {92E58310-37BF-4FBE-8CF1-037AD1D7B867}
		{6FB2CDA9-E99A-4C29-A534-1BAE68309D5C} = {92E58310-37BF-4FBE-8CF1-037AD1D7B867}
	EndGlobalSection
	GlobalSection(ExtensibilityGlobals) = postSolution
		SolutionGuid = {C63AF698-F9D3-4406-AF6A-674AA4E8CE62}
	EndGlobalSection
EndGlobal
